
Microsoft Visual Studio Solution File, Format Version 12.00
# Visual Studio Version 16
VisualStudioVersion = 16.0.29613.14
MinimumVisualStudioVersion = 10.0.40219.1
Project("{FAE04EC0-301F-11D3-BF4B-00C04F79EFBC}") = "TwilioCall", "TwilioCall\TwilioCall.csproj", "{D8804F4E-3599-43D4-A6AC-F40957D301FF}"
EndProject
Global
	GlobalSection(SolutionConfigurationPlatforms) = preSolution
		Debug|Any CPU = Debug|Any CPU
		Release|Any CPU = Release|Any CPU
	EndGlobalSection
	GlobalSection(ProjectConfigurationPlatforms) = postSolution
		{D8804F4E-3599-43D4-A6AC-F40957D301FF}.Debug|Any CPU.ActiveCfg = Debug|Any CPU
		{D8804F4E-3599-43D4-A6AC-F40957D301FF}.Debug|Any CPU.Build.0 = Debug|Any CPU
		{D8804F4E-3599-43D4-A6AC-F40957D301FF}.Release|Any CPU.ActiveCfg = Release|Any CPU
		{D8804F4E-3599-43D4-A6AC-F40957D301FF}.Release|Any CPU.Build.0 = Release|Any CPU
	EndGlobalSection
	GlobalSection(SolutionProperties) = preSolution
		HideSolutionNode = FALSE
	EndGlobalSection
	GlobalSection(ExtensibilityGlobals) = postSolution
		SolutionGuid = {E0CFFD8F-FDC7-4277-A419-87AC696022A3}
	EndGlobalSection
EndGlobal
